Microsoft Visual Studio Solution File, Format Version 12.00
Project("{FAE04EC0-301F-11D3-BF4B-00C04F79EFBC}") = "milestone1", "milestone1\milestone1.csproj", "{11111111-1111-4111-8111-111111111111}"
EndProject
Project("{FAE04EC0-301F-11D3-BF4B-00C04F79EFBC}") = "milestone2", "milestone2\milestone2.csproj", "{22222222-2222-4222-8222-222222222222}"
EndProject
Project("{FAE04EC0-301F-11D3-BF4B-00C04F79EFBC}") = "milestone3", "milestone3\milestone3.csproj", "{33333333-3333-4333-8333-333333333333}"
EndProject
Project("{FAE04EC0-301F-11D3-BF4B-00C04F79EFBC}") = "milestone4", "milestone4\milestone4.csproj", "{F5C94601-B9B8-4E01-9D69-EDA6815E63C2}"
EndProject
Project("{FAE04EC0-301F-11D3-BF4B-00C04F79EFBC}") = "milestone5", "milestone5\milestone5.csproj", "{4B1A26BA-54F7-4B85-B024-1E7FB2055809}"
EndProject
Project("{FAE04EC0-301F-11D3-BF4B-00C04F79EFBC}") = "milestone6", "milestone6\milestone6.csproj", "{8591AE6B-6D56-47AD-8BEF-1D5812CFD81D}"
EndProject
Project("{FAE04EC0-301F-11D3-BF4B-00C04F79EFBC}") = "milestone7", "milestone7\milestone7.csproj", "{2DA0398A-BE9E-4F83-8D9C-3FB4D6204D75}"
EndProject
Project("{FAE04EC0-301F-11D3-BF4B-00C04F79EFBC}") = "milestone8", "milestone8\milestone8.csproj", "{EA39AA26-EA10-4103-8857-B784B9A938EF}"
EndProject
Project("{FAE04EC0-301F-11D3-BF4B-00C04F79EFBC}") = "milestone9", "milestone9\milestone9.csproj", "{892BF281-970B-47B1-8C87-0AB1A2B89834}"
EndProject
Project("{FAE04EC0-301F-11D3-BF4B-00C04F79EFBC}") = "milestone10", "milestone10\milestone10.csproj", "{F37C54C8-B44F-4B36-A278-CC45EB3DF4FB}"
EndProject
Project("{FAE04EC0-301F-11D3-BF4B-00C04F79EFBC}") = "milestone11", "milestone11\milestone11.csproj", "{308A1DFA-3F82-4E2C-ADFE-6FAD9B04DB21}"
EndProject
Project("{FAE04EC0-301F-11D3-BF4B-00C04F79EFBC}") = "milestone12", "milestone12\milestone12.csproj", "{D9335828-9070-4C6C-B393-5FEB534E7A16}"
EndProject
Project("{FAE04EC0-301F-11D3-BF4B-00C04F79EFBC}") = "milestone13", "milestone13\milestone13.csproj", "{FDC8B930-ED2F-404B-B837-4A189D7BC882}"
EndProject
Project("{FAE04EC0-301F-11D3-BF4B-00C04F79EFBC}") = "milestone14", "milestone14\milestone14.csproj", "{000B8540-0E07-4577-9C14-9784E717F3F2}"
EndProject
Project("{FAE04EC0-301F-11D3-BF4B-00C04F79EFBC}") = "milestone15", "milestone15\milestone15.csproj", "{307CC394-4F84-427C-BDA5-A53A045C8BE9}"
EndProject
Global
	GlobalSection(SolutionConfigurationPlatforms) = preSolution
		Debug|Any CPU = Debug|Any CPU
		Release|Any CPU = Release|Any CPU
	EndGlobalSection
	GlobalSection(ProjectConfigurationPlatforms) = postSolution
		{11111111-1111-4111-8111-111111111111}.Debug|Any CPU.ActiveCfg = Debug|Any CPU
		{11111111-1111-4111-8111-111111111111}.Debug|Any CPU.Build.0 = Debug|Any CPU
		{11111111-1111-4111-8111-111111111111}.Release|Any CPU.ActiveCfg = Release|Any CPU
		{11111111-1111-4111-8111-111111111111}.Release|Any CPU.Build.0 = Release|Any CPU
		{22222222-2222-4222-8222-222222222222}.Debug|Any CPU.ActiveCfg = Debug|Any CPU
		{22222222-2222-4222-8222-222222222222}.Debug|Any CPU.Build.0 = Debug|Any CPU
		{22222222-2222-4222-8222-222222222222}.Release|Any CPU.ActiveCfg = Release|Any CPU
		{22222222-2222-4222-8222-222222222222}.Release|Any CPU.Build.0 = Release|Any CPU
		{33333333-3333-4333-8333-333333333333}.Debug|Any CPU.ActiveCfg = Debug|Any CPU
		{33333333-3333-4333-8333-333333333333}.Debug|Any CPU.Build.0 = Debug|Any CPU
		{33333333-3333-4333-8333-333333333333}.Release|Any CPU.ActiveCfg = Release|Any CPU
		{33333333-3333-4333-8333-333333333333}.Release|Any CPU.Build.0 = Release|Any CPU
		{F5C94601-B9B8-4E01-9D69-EDA6815E63C2}.Debug|Any CPU.ActiveCfg = Debug|Any CPU
		{F5C94601-B9B8-4E01-9D69-EDA6815E63C2}.Debug|Any CPU.Build.0 = Debug|Any CPU
		{F5C94601-B9B8-4E01-9D69-EDA6815E63C2}.Release|Any CPU.ActiveCfg = Release|Any CPU
		{F5C94601-B9B8-4E01-9D69-EDA6815E63C2}.Release|Any CPU.Build.0 = Release|Any CPU
		{4B1A26BA-54F7-4B85-B024-1E7FB2055809}.Debug|Any CPU.ActiveCfg = Debug|Any CPU
		{4B1A26BA-54F7-4B85-B024-1E7FB2055809}.Debug|Any CPU.Build.0 = Debug|Any CPU
		{4B1A26BA-54F7-4B85-B024-1E7FB2055809}.Release|Any CPU.ActiveCfg = Release|Any CPU
		{4B1A26BA-54F7-4B85-B024-1E7FB2055809}.Release|Any CPU.Build.0 = Release|Any CPU
		{8591AE6B-6D56-47AD-8BEF-1D5812CFD81D}.Debug|Any CPU.ActiveCfg = Debug|Any CPU
		{8591AE6B-6D56-47AD-8BEF-1D5812CFD81D}.Debug|Any CPU.Build.0 = Debug|Any CPU
		{8591AE6B-6D56-47AD-8BEF-1D5812CFD81D}.Release|Any CPU.ActiveCfg = Release|Any CPU
		{8591AE6B-6D56-47AD-8BEF-1D5812CFD81D}.Release|Any CPU.Build.0 = Release|Any CPU
		{2DA0398A-BE9E-4F83-8D9C-3FB4D6204D75}.Debug|Any CPU.ActiveCfg = Debug|Any CPU
		{2DA0398A-BE9E-4F83-8D9C-3FB4D6204D75}.Debug|Any CPU.Build.0 = Debug|Any CPU
		{2DA0398A-BE9E-4F83-8D9C-3FB4D6204D75}.Release|Any CPU.ActiveCfg = Release|Any CPU
		{2DA0398A-BE9E-4F83-8D9C-3FB4D6204D75}.Release|Any CPU.Build.0 = Release|Any CPU
		{EA39AA26-EA10-4103-8857-B784B9A938EF}.Debug|Any CPU.ActiveCfg = Debug|Any CPU
		{EA39AA26-EA10-4103-8857-B784B9A938EF}.Debug|Any CPU.Build.0 = Debug|Any CPU
		{EA39AA26-EA10-4103-8857-B784B9A938EF}.Release|Any CPU.ActiveCfg = Release|Any CPU
		{EA39AA26-EA10-4103-8857-B784B9A938EF}.Release|Any CPU.Build.0 = Release|Any CPU
		{892BF281-970B-47B1-8C87-0AB1A2B89834}.Debug|Any CPU.ActiveCfg = Debug|Any CPU
		{892BF281-970B-47B1-8C87-0AB1A2B89834}.Debug|Any CPU.Build.0 = Debug|Any CPU
		{892BF281-970B-47B1-8C87-0AB1A2B89834}.Release|Any CPU.ActiveCfg = Release|Any CPU
		{892BF281-970B-47B1-8C87-0AB1A2B89834}.Release|Any CPU.Build.0 = Release|Any CPU
		{F37C54C8-B44F-4B36-A278-CC45EB3DF4FB}.Debug|Any CPU.ActiveCfg = Debug|Any CPU
		{F37C54C8-B44F-4B36-A278-CC45EB3DF4FB}.Debug|Any CPU.Build.0 = Debug|Any CPU
		{F37C54C8-B44F-4B36-A278-CC45EB3DF4FB}.Release|Any CPU.ActiveCfg = Release|Any CPU
		{F37C54C8-B44F-4B36-A278-CC45EB3DF4FB}.Release|Any CPU.Build.0 = Release|Any CPU
		{308A1DFA-3F82-4E2C-ADFE-6FAD9B04DB21}.Debug|Any CPU.ActiveCfg = Debug|Any CPU
		{308A1DFA-3F82-4E2C-ADFE-6FAD9B04DB21}.Debug|Any CPU.Build.0 = Debug|Any CPU
		{308A1DFA-3F82-4E2C-ADFE-6FAD9B04DB21}.Release|Any CPU.ActiveCfg = Release|Any CPU
		{308A1DFA-3F82-4E2C-ADFE-6FAD9B04DB21}.Release|Any CPU.Build.0 = Release|Any CPU
		{D9335828-9070-4C6C-B393-5FEB534E7A16}.Debug|Any CPU.ActiveCfg = Debug|Any CPU
		{D9335828-9070-4C6C-B393-5FEB534E7A16}.Debug|Any CPU.Build.0 = Debug|Any CPU
		{D9335828-9070-4C6C-B393-5FEB534E7A16}.Release|Any CPU.ActiveCfg = Release|Any CPU
		{D9335828-9070-4C6C-B393-5FEB534E7A16}.Release|Any CPU.Build.0 = Release|Any CPU
		{FDC8B930-ED2F-404B-B837-4A189D7BC882}.Debug|Any CPU.ActiveCfg = Debug|Any CPU
		{FDC8B930-ED2F-404B-B837-4A189D7BC882}.Debug|Any CPU.Build.0 = Debug|Any CPU
		{FDC8B930-ED2F-404B-B837-4A189D7BC882}.Release|Any CPU.ActiveCfg = Release|Any CPU
		{FDC8B930-ED2F-404B-B837-4A189D7BC882}.Release|Any CPU.Build.0 = Release|Any CPU
		{000B8540-0E07-4577-9C14-9784E717F3F2}.Debug|Any CPU.ActiveCfg = Debug|Any CPU
		{000B8540-0E07-4577-9C14-9784E717F3F2}.Debug|Any CPU.Build.0 = Debug|Any CPU
		{000B8540-0E07-4577-9C14-9784E717F3F2}.Release|Any CPU.ActiveCfg = Release|Any CPU
		{000B8540-0E07-4577-9C14-9784E717F3F2}.Release|Any CPU.Build.0 = Release|Any CPU
		{307CC394-4F84-427C-BDA5-A53A045C8BE9}.Debug|Any CPU.ActiveCfg = Debug|Any CPU
		{307CC394-4F84-427C-BDA5-A53A045C8BE9}.Debug|Any CPU.Build.0 = Debug|Any CPU
		{307CC394-4F84-427C-BDA5-A53A045C8BE9}.Release|Any CPU.ActiveCfg = Release|Any CPU
		{307CC394-4F84-427C-BDA5-A53A045C8BE9}.Release|Any CPU.Build.0 = Release|Any CPU
	EndGlobalSection
EndGlobal
